
Microsoft Visual Studio Solution File, Format Version 12.00
# Visual Studio 15
VisualStudioVersion = 15.0.28307.757
MinimumVisualStudioVersion = 10.0.40219.1
Project("{FAE04EC0-301F-11D3-BF4B-00C04F79EFBC}") = "WebApplication1", "WebApplication1\WebApplication1.csproj", "{547161A7-6C1D-4E93-8AA9-062EF17E89B2}"
EndProject
Global
	GlobalSection(SolutionConfigurationPlatforms) = preSolution
		Debug|Any CPU = Debug|Any CPU
		Release|Any CPU = Release|Any CPU
	EndGlobalSection
	GlobalSection(ProjectConfigurationPlatforms) = postSolution
		{547161A7-6C1D-4E93-8AA9-062EF17E89B2}.Debug|Any CPU.ActiveCfg = Debug|Any CPU
		{547161A7-6C1D-4E93-8AA9-062EF17E89B2}.Debug|Any CPU.Build.0 = Debug|Any CPU
		{547161A7-6C1D-4E93-8AA9-062EF17E89B2}.Release|Any CPU.ActiveCfg = Release|Any CPU
		{547161A7-6C1D-4E93-8AA9-062EF17E89B2}.Release|Any CPU.Build.0 = Release|Any CPU
	EndGlobalSection
	GlobalSection(SolutionProperties) = preSolution
		HideSolutionNode = FALSE
	EndGlobalSection
	GlobalSection(ExtensibilityGlobals) = postSolution
		SolutionGuid = {3B62502B-885C-43BF-AA77-54BCD42A7793}
	EndGlobalSection
EndGlobal
